
Microsoft Visual Studio Solution File, Format Version 12.00
# Visual Studio 14
VisualStudioVersion = 14.0.25420.1
MinimumVisualStudioVersion = 10.0.40219.1
Project("{FAE04EC0-301F-11D3-BF4B-00C04F79EFBC}") = "ServerHost", "ServerHost\ServerHost.csproj", "{84380C11-ED31-4DFA-AD3D-94C468F96CB2}"
EndProject
Project("{FAE04EC0-301F-11D3-BF4B-00C04F79EFBC}") = "KpApi", "APIs\MkpApi\KpApi.csproj", "{06937457-E71B-4ADD-8AD3-0A33F94273B6}"
EndProject
Project("{2150E333-8FDC-42A3-9474-1A3956D46DE8}") = "APIs", "APIs", "{46B3B636-8C8E-4D9A-84E4-9E3C495D91F2}"
EndProject
Project("{FAE04EC0-301F-11D3-BF4B-00C04F79EFBC}") = "Configuration", "Configuration\Configuration.csproj", "{9A253F5D-3F7E-4E8A-B465-64D233D7C319}"
EndProject
Project("{2150E333-8FDC-42A3-9474-1A3956D46DE8}") = "Clients", "Clients", "{E8EAEB64-AFAB-464D-8693-D1F8417E5608}"
EndProject
Project("{FAE04EC0-301F-11D3-BF4B-00C04F79EFBC}") = "MA", "MA\MA.csproj", "{66282753-EA79-406B-A39D-035D9B61B9DC}"
EndProject
Project("{FAE04EC0-301F-11D3-BF4B-00C04F79EFBC}") = "CidmApi", "APIs\CidmApi\CidmApi.csproj", "{EC66923D-C4DB-43BF-B4BC-D6BB06817A89}"
EndProject
Project("{FAE04EC0-301F-11D3-BF4B-00C04F79EFBC}") = "CommonApi", "APIs\CommonApi\CommonApi.csproj", "{3CC5F23A-9C10-4486-98C9-F999038FF908}"
EndProject
Project("{FAE04EC0-301F-11D3-BF4B-00C04F79EFBC}") = "ConsoleApp", "Clients\ConsoleApp\ConsoleApp.csproj", "{99454126-F540-48D2-ACA2-E0E4CB9A846D}"
EndProject
Global
	GlobalSection(SolutionConfigurationPlatforms) = preSolution
		Debug|Any CPU = Debug|Any CPU
		Release|Any CPU = Release|Any CPU
	EndGlobalSection
	GlobalSection(ProjectConfigurationPlatforms) = postSolution
		{84380C11-ED31-4DFA-AD3D-94C468F96CB2}.Debug|Any CPU.ActiveCfg = Debug|Any CPU
		{84380C11-ED31-4DFA-AD3D-94C468F96CB2}.Debug|Any CPU.Build.0 = Debug|Any CPU
		{84380C11-ED31-4DFA-AD3D-94C468F96CB2}.Release|Any CPU.ActiveCfg = Release|Any CPU
		{84380C11-ED31-4DFA-AD3D-94C468F96CB2}.Release|Any CPU.Build.0 = Release|Any CPU
		{06937457-E71B-4ADD-8AD3-0A33F94273B6}.Debug|Any CPU.ActiveCfg = Debug|Any CPU
		{06937457-E71B-4ADD-8AD3-0A33F94273B6}.Debug|Any CPU.Build.0 = Debug|Any CPU
		{06937457-E71B-4ADD-8AD3-0A33F94273B6}.Release|Any CPU.ActiveCfg = Release|Any CPU
		{06937457-E71B-4ADD-8AD3-0A33F94273B6}.Release|Any CPU.Build.0 = Release|Any CPU
		{9A253F5D-3F7E-4E8A-B465-64D233D7C319}.Debug|Any CPU.ActiveCfg = Debug|Any CPU
		{9A253F5D-3F7E-4E8A-B465-64D233D7C319}.Debug|Any CPU.Build.0 = Debug|Any CPU
		{9A253F5D-3F7E-4E8A-B465-64D233D7C319}.Release|Any CPU.ActiveCfg = Release|Any CPU
		{9A253F5D-3F7E-4E8A-B465-64D233D7C319}.Release|Any CPU.Build.0 = Release|Any CPU
		{66282753-EA79-406B-A39D-035D9B61B9DC}.Debug|Any CPU.ActiveCfg = Debug|Any CPU
		{66282753-EA79-406B-A39D-035D9B61B9DC}.Debug|Any CPU.Build.0 = Debug|Any CPU
		{66282753-EA79-406B-A39D-035D9B61B9DC}.Release|Any CPU.ActiveCfg = Release|Any CPU
		{66282753-EA79-406B-A39D-035D9B61B9DC}.Release|Any CPU.Build.0 = Release|Any CPU
		{EC66923D-C4DB-43BF-B4BC-D6BB06817A89}.Debug|Any CPU.ActiveCfg = Debug|Any CPU
		{EC66923D-C4DB-43BF-B4BC-D6BB06817A89}.Debug|Any CPU.Build.0 = Debug|Any CPU
		{EC66923D-C4DB-43BF-B4BC-D6BB06817A89}.Release|Any CPU.ActiveCfg = Release|Any CPU
		{EC66923D-C4DB-43BF-B4BC-D6BB06817A89}.Release|Any CPU.Build.0 = Release|Any CPU
		{3CC5F23A-9C10-4486-98C9-F999038FF908}.Debug|Any CPU.ActiveCfg = Debug|Any CPU
		{3CC5F23A-9C10-4486-98C9-F999038FF908}.Debug|Any CPU.Build.0 = Debug|Any CPU
		{3CC5F23A-9C10-4486-98C9-F999038FF908}.Release|Any CPU.ActiveCfg = Release|Any CPU
		{3CC5F23A-9C10-4486-98C9-F999038FF908}.Release|Any CPU.Build.0 = Release|Any CPU
		{99454126-F540-48D2-ACA2-E0E4CB9A846D}.Debug|Any CPU.ActiveCfg = Debug|Any CPU
		{99454126-F540-48D2-ACA2-E0E4CB9A846D}.Debug|Any CPU.Build.0 = Debug|Any CPU
		{99454126-F540-48D2-ACA2-E0E4CB9A846D}.Release|Any CPU.ActiveCfg = Release|Any CPU
		{99454126-F540-48D2-ACA2-E0E4CB9A846D}.Release|Any CPU.Build.0 = Release|Any CPU
	EndGlobalSection
	GlobalSection(SolutionProperties) = preSolution
		HideSolutionNode = FALSE
	EndGlobalSection
	GlobalSection(NestedProjects) = preSolution
		{06937457-E71B-4ADD-8AD3-0A33F94273B6} = {46B3B636-8C8E-4D9A-84E4-9E3C495D91F2}
		{66282753-EA79-406B-A39D-035D9B61B9DC} = {E8EAEB64-AFAB-464D-8693-D1F8417E5608}
		{EC66923D-C4DB-43BF-B4BC-D6BB06817A89} = {46B3B636-8C8E-4D9A-84E4-9E3C495D91F2}
		{3CC5F23A-9C10-4486-98C9-F999038FF908} = {46B3B636-8C8E-4D9A-84E4-9E3C495D91F2}
		{99454126-F540-48D2-ACA2-E0E4CB9A846D} = {E8EAEB64-AFAB-464D-8693-D1F8417E5608}
	EndGlobalSection
EndGlobal
